// !$*UTF8*$!
{
	archiveVersion = 1;
	classes = {
	};
	objectVersion = 48;
	objects = {

/* Begin PBXBuildFile section */
		1049582720627139002B2FBE /* TestKeyChainController.m in Sources */ = {isa = PBXBuildFile; fileRef = 1049582620627139002B2FBE /* TestKeyChainController.m */; };
		1049582A20627187002B2FBE /* User.m in Sources */ = {isa = PBXBuildFile; fileRef = 1049582820627187002B2FBE /* User.m */; };
		10A5AA902060B7430044FCA2 /* AppDelegate.m in Sources */ = {isa = PBXBuildFile; fileRef = 10A5AA8F2060B7430044FCA2 /* AppDelegate.m */; };
		10A5AA932060B7430044FCA2 /* ViewController.m in Sources */ = {isa = PBXBuildFile; fileRef = 10A5AA922060B7430044FCA2 /* ViewController.m */; };
		10A5AA962060B7430044FCA2 /* Main.storyboard in Resources */ = {isa = PBXBuildFile; fileRef = 10A5AA942060B7430044FCA2 /* Main.storyboard */; };
		10A5AA982060B7430044FCA2 /* Assets.xcassets in Resources */ = {isa = PBXBuildFile; fileRef = 10A5AA972060B7430044FCA2 /* Assets.xcassets */; };
		10A5AA9B2060B7430044FCA2 /* LaunchScreen.storyboard in Resources */ = {isa = PBXBuildFile; fileRef = 10A5AA992060B7430044FCA2 /* LaunchScreen.storyboard */; };
		10A5AA9E2060B7430044FCA2 /* main.m in Sources */ = {isa = PBXBuildFile; fileRef = 10A5AA9D2060B7430044FCA2 /* main.m */; };
		10A5AAA82060B7430044FCA2 /* FlipboardAnimatedTests.m in Sources */ = {isa = PBXBuildFile; fileRef = 10A5AAA72060B7430044FCA2 /* FlipboardAnimatedTests.m */; };
		10A5AAB32060B7430044FCA2 /* FlipboardAnimatedUITests.m in Sources */ = {isa = PBXBuildFile; fileRef = 10A5AAB22060B7430044FCA2 /* FlipboardAnimatedUITests.m */; };
		10A5AAC12060BBDC0044FCA2 /* QuartzCore.framework in Frameworks */ = {isa = PBXBuildFile; fileRef = 10A5AAC02060BBDC0044FCA2 /* QuartzCore.framework */; };
		10A5AAC32060BBED0044FCA2 /* ImageIO.framework in Frameworks */ = {isa = PBXBuildFile; fileRef = 10A5AAC22060BBED0044FCA2 /* ImageIO.framework */; };
		10A5AAC52060BBFE0044FCA2 /* MobileCoreServices.framework in Frameworks */ = {isa = PBXBuildFile; fileRef = 10A5AAC42060BBFE0044FCA2 /* MobileCoreServices.framework */; };
		10A5AAC72060BC0E0044FCA2 /* CoreGraphics.framework in Frameworks */ = {isa = PBXBuildFile; fileRef = 10A5AAC62060BC0E0044FCA2 /* CoreGraphics.framework */; };
		28F867C15DA01D7E7CD6B6AE /* Pods_FlipboardAnimatedTests.framework in Frameworks */ = {isa = PBXBuildFile; fileRef = 89F414D9132D808C0AC0EF44 /* Pods_FlipboardAnimatedTests.framework */; };
		4BA07E410AC30B986F7FCECB /* Pods_FlipboardAnimated.framework in Frameworks */ = {isa = PBXBuildFile; fileRef = 1285A5130809F26CFD1BA39D /* Pods_FlipboardAnimated.framework */; };
		AD98ABD8473F63C6DE4DD6E8 /* Pods_FlipboardAnimatedUITests.framework in Frameworks */ = {isa = PBXBuildFile; fileRef = CD7ADA86E70FC07C01C1799E /* Pods_FlipboardAnimatedUITests.framework */; };
/* End PBXBuildFile section */

/* Begin PBXContainerItemProxy section */
		10A5AAA42060B7430044FCA2 /* PBXContainerItemProxy */ = {
			isa = PBXContainerItemProxy;
			containerPortal = 10A5AA832060B7430044FCA2 /* Project object */;
			proxyType = 1;
			remoteGlobalIDString = 10A5AA8A2060B7430044FCA2;
			remoteInfo = FlipboardAnimated;
		};
		10A5AAAF2060B7430044FCA2 /* PBXContainerItemProxy */ = {
			isa = PBXContainerItemProxy;
			containerPortal = 10A5AA832060B7430044FCA2 /* Project object */;
			proxyType = 1;
			remoteGlobalIDString = 10A5AA8A2060B7430044FCA2;
			remoteInfo = FlipboardAnimated;
		};
/* End PBXContainerItemProxy section */

/* Begin PBXFileReference section */
		1049582520627139002B2FBE /* TestKeyChainController.h */ = {isa = PBXFileReference; lastKnownFileType = sourcecode.c.h; path = TestKeyChainController.h; sourceTree = "<group>"; };
		1049582620627139002B2FBE /* TestKeyChainController.m */ = {isa = PBXFileReference; lastKnownFileType = sourcecode.c.objc; path = TestKeyChainController.m; sourceTree = "<group>"; };
		1049582820627187002B2FBE /* User.m */ = {isa = PBXFileReference; fileEncoding = 4; lastKnownFileType = sourcecode.c.objc; path = User.m; sourceTree = "<group>"; };
		1049582920627187002B2FBE /* User.h */ = {isa = PBXFileReference; fileEncoding = 4; lastKnownFileType = sourcecode.c.h; path = User.h; sourceTree = "<group>"; };
		10A5AA8B2060B7430044FCA2 /* FlipboardAnimated.app */ = {isa = PBXFileReference; explicitFileType = wrapper.application; includeInIndex = 0; path = FlipboardAnimated.app; sourceTree = BUILT_PRODUCTS_DIR; };
		10A5AA8E2060B7430044FCA2 /* AppDelegate.h */ = {isa = PBXFileReference; lastKnownFileType = sourcecode.c.h; path = AppDelegate.h; sourceTree = "<group>"; };
		10A5AA8F2060B7430044FCA2 /* AppDelegate.m */ = {isa = PBXFileReference; lastKnownFileType = sourcecode.c.objc; path = AppDelegate.m; sourceTree = "<group>"; };
		10A5AA912060B7430044FCA2 /* ViewController.h */ = {isa = PBXFileReference; lastKnownFileType = sourcecode.c.h; path = ViewController.h; sourceTree = "<group>"; };
		10A5AA922060B7430044FCA2 /* ViewController.m */ = {isa = PBXFileReference; lastKnownFileType = sourcecode.c.objc; path = ViewController.m; sourceTree = "<group>"; };
		10A5AA952060B7430044FCA2 /* Base */ = {isa = PBXFileReference; lastKnownFileType = file.storyboard; name = Base; path = Base.lproj/Main.storyboard; sourceTree = "<group>"; };
		10A5AA972060B7430044FCA2 /* Assets.xcassets */ = {isa = PBXFileReference; lastKnownFileType = folder.assetcatalog; path = Assets.xcassets; sourceTree = "<group>"; };
		10A5AA9A2060B7430044FCA2 /* Base */ = {isa = PBXFileReference; lastKnownFileType = file.storyboard; name = Base; path = Base.lproj/LaunchScreen.storyboard; sourceTree = "<group>"; };
		10A5AA9C2060B7430044FCA2 /* Info.plist */ = {isa = PBXFileReference; lastKnownFileType = text.plist.xml; path = Info.plist; sourceTree = "<group>"; };
		10A5AA9D2060B7430044FCA2 /* main.m */ = {isa = PBXFileReference; lastKnownFileType = sourcecode.c.objc; path = main.m; sourceTree = "<group>"; };
		10A5AAA32060B7430044FCA2 /* FlipboardAnimatedTests.xctest */ = {isa = PBXFileReference; explicitFileType = wrapper.cfbundle; includeInIndex = 0; path = FlipboardAnimatedTests.xctest; sourceTree = BUILT_PRODUCTS_DIR; };
		10A5AAA72060B7430044FCA2 /* FlipboardAnimatedTests.m */ = {isa = PBXFileReference; lastKnownFileType = sourcecode.c.objc; path = FlipboardAnimatedTests.m; sourceTree = "<group>"; };
		10A5AAA92060B7430044FCA2 /* Info.plist */ = {isa = PBXFileReference; lastKnownFileType = text.plist.xml; path = Info.plist; sourceTree = "<group>"; };
		10A5AAAE2060B7430044FCA2 /* FlipboardAnimatedUITests.xctest */ = {isa = PBXFileReference; explicitFileType = wrapper.cfbundle; includeInIndex = 0; path = FlipboardAnimatedUITests.xctest; sourceTree = BUILT_PRODUCTS_DIR; };
		10A5AAB22060B7430044FCA2 /* FlipboardAnimatedUITests.m */ = {isa = PBXFileReference; lastKnownFileType = sourcecode.c.objc; path = FlipboardAnimatedUITests.m; sourceTree = "<group>"; };
		10A5AAB42060B7430044FCA2 /* Info.plist */ = {isa = PBXFileReference; lastKnownFileType = text.plist.xml; path = Info.plist; sourceTree = "<group>"; };
		10A5AAC02060BBDC0044FCA2 /* QuartzCore.framework */ = {isa = PBXFileReference; lastKnownFileType = wrapper.framework; name = QuartzCore.framework; path = System/Library/Frameworks/QuartzCore.framework; sourceTree = SDKROOT; };
		10A5AAC22060BBED0044FCA2 /* ImageIO.framework */ = {isa = PBXFileReference; lastKnownFileType = wrapper.framework; name = ImageIO.framework; path = System/Library/Frameworks/ImageIO.framework; sourceTree = SDKROOT; };
		10A5AAC42060BBFE0044FCA2 /* MobileCoreServices.framework */ = {isa = PBXFileReference; lastKnownFileType = wrapper.framework; name = MobileCoreServices.framework; path = System/Library/Frameworks/MobileCoreServices.framework; sourceTree = SDKROOT; };
		10A5AAC62060BC0E0044FCA2 /* CoreGraphics.framework */ = {isa = PBXFileReference; lastKnownFileType = wrapper.framework; name = CoreGraphics.framework; path = System/Library/Frameworks/CoreGraphics.framework; sourceTree = SDKROOT; };
		1285A5130809F26CFD1BA39D /* Pods_FlipboardAnimated.framework */ = {isa = PBXFileReference; explicitFileType = wrapper.framework; includeInIndex = 0; path = Pods_FlipboardAnimated.framework; sourceTree = BUILT_PRODUCTS_DIR; };
		20ACE557919A845954419046 /* Pods-FlipboardAnimatedTests.debug.xcconfig */ = {isa = PBXFileReference; includeInIndex = 1; lastKnownFileType = text.xcconfig; name = "Pods-FlipboardAnimatedTests.debug.xcconfig"; path = "Pods/Target Support Files/Pods-FlipboardAnimatedTests/Pods-FlipboardAnimatedTests.debug.xcconfig"; sourceTree = "<group>"; };
		2231F8F6998406B3C1476525 /* Pods-FlipboardAnimated.debug.xcconfig */ = {isa = PBXFileReference; includeInIndex = 1; lastKnownFileType = text.xcconfig; name = "Pods-FlipboardAnimated.debug.xcconfig"; path = "Pods/Target Support Files/Pods-FlipboardAnimated/Pods-FlipboardAnimated.debug.xcconfig"; sourceTree = "<group>"; };
		2449FB394C1C1ED585CE4700 /* Pods-FlipboardAnimatedUITests.debug.xcconfig */ = {isa = PBXFileReference; includeInIndex = 1; lastKnownFileType = text.xcconfig; name = "Pods-FlipboardAnimatedUITests.debug.xcconfig"; path = "Pods/Target Support Files/Pods-FlipboardAnimatedUITests/Pods-FlipboardAnimatedUITests.debug.xcconfig"; sourceTree = "<group>"; };
		7DE6A59802A1112672EC1F58 /* Pods-FlipboardAnimatedTests.release.xcconfig */ = {isa = PBXFileReference; includeInIndex = 1; lastKnownFileType = text.xcconfig; name = "Pods-FlipboardAnimatedTests.release.xcconfig"; path = "Pods/Target Support Files/Pods-FlipboardAnimatedTests/Pods-FlipboardAnimatedTests.release.xcconfig"; sourceTree = "<group>"; };
		89F414D9132D808C0AC0EF44 /* Pods_FlipboardAnimatedTests.framework */ = {isa = PBXFileReference; explicitFileType = wrapper.framework; includeInIndex = 0; path = Pods_FlipboardAnimatedTests.framework; sourceTree = BUILT_PRODUCTS_DIR; };
		8B64F2056CC2967E521B5B0B /* Pods-FlipboardAnimatedUITests.release.xcconfig */ = {isa = PBXFileReference; includeInIndex = 1; lastKnownFileType = text.xcconfig; name = "Pods-FlipboardAnimatedUITests.release.xcconfig"; path = "Pods/Target Support Files/Pods-FlipboardAnimatedUITests/Pods-FlipboardAnimatedUITests.release.xcconfig"; sourceTree = "<group>"; };
		CD7ADA86E70FC07C01C1799E /* Pods_FlipboardAnimatedUITests.framework */ = {isa = PBXFileReference; explicitFileType = wrapper.framework; includeInIndex = 0; path = Pods_FlipboardAnimatedUITests.framework; sourceTree = BUILT_PRODUCTS_DIR; };
		ED35D891E9400980598088B2 /* Pods-FlipboardAnimated.release.xcconfig */ = {isa = PBXFileReference; includeInIndex = 1; lastKnownFileType = text.xcconfig; name = "Pods-FlipboardAnimated.release.xcconfig"; path = "Pods/Target Support Files/Pods-FlipboardAnimated/Pods-FlipboardAnimated.release.xcconfig"; sourceTree = "<group>"; };
/* End PBXFileReference section */

/* Begin PBXFrameworksBuildPhase section */
		10A5AA882060B7430044FCA2 /* Frameworks */ = {
			isa = PBXFrameworksBuildPhase;
			buildActionMask = 2147483647;
			files = (
				10A5AAC72060BC0E0044FCA2 /* CoreGraphics.framework in Frameworks */,
				10A5AAC52060BBFE0044FCA2 /* MobileCoreServices.framework in Frameworks */,
				10A5AAC32060BBED0044FCA2 /* ImageIO.framework in Frameworks */,
				10A5AAC12060BBDC0044FCA2 /* QuartzCore.framework in Frameworks */,
				4BA07E410AC30B986F7FCECB /* Pods_FlipboardAnimated.framework in Frameworks */,
			);
			runOnlyForDeploymentPostprocessing = 0;
		};
		10A5AAA02060B7430044FCA2 /* Frameworks */ = {
			isa = PBXFrameworksBuildPhase;
			buildActionMask = 2147483647;
			files = (
				28F867C15DA01D7E7CD6B6AE /* Pods_FlipboardAnimatedTests.framework in Frameworks */,
			);
			runOnlyForDeploymentPostprocessing = 0;
		};
		10A5AAAB2060B7430044FCA2 /* Frameworks */ = {
			isa = PBXFrameworksBuildPhase;
			buildActionMask = 2147483647;
			files = (
				AD98ABD8473F63C6DE4DD6E8 /* Pods_FlipboardAnimatedUITests.framework in Frameworks */,
			);
			runOnlyForDeploymentPostprocessing = 0;
		};
/* End PBXFrameworksBuildPhase section */

/* Begin PBXGroup section */
		10A5AA822060B7430044FCA2 = {
			isa = PBXGroup;
			children = (
				10A5AA8D2060B7430044FCA2 /* FlipboardAnimated */,
				10A5AAA62060B7430044FCA2 /* FlipboardAnimatedTests */,
				10A5AAB12060B7430044FCA2 /* FlipboardAnimatedUITests */,
				10A5AA8C2060B7430044FCA2 /* Products */,
				33D76065D4E45AAA1E2BC34E /* Pods */,
				7048A8E1452C00AB9D8B1B46 /* Frameworks */,
			);
			sourceTree = "<group>";
		};
		10A5AA8C2060B7430044FCA2 /* Products */ = {
			isa = PBXGroup;
			children = (
				10A5AA8B2060B7430044FCA2 /* FlipboardAnimated.app */,
				10A5AAA32060B7430044FCA2 /* FlipboardAnimatedTests.xctest */,
				10A5AAAE2060B7430044FCA2 /* FlipboardAnimatedUITests.xctest */,
			);
			name = Products;
			sourceTree = "<group>";
		};
		10A5AA8D2060B7430044FCA2 /* FlipboardAnimated */ = {
			isa = PBXGroup;
			children = (
				10A5AA8E2060B7430044FCA2 /* AppDelegate.h */,
				10A5AA8F2060B7430044FCA2 /* AppDelegate.m */,
				10A5AA912060B7430044FCA2 /* ViewController.h */,
				10A5AA922060B7430044FCA2 /* ViewController.m */,
				1049582520627139002B2FBE /* TestKeyChainController.h */,
				1049582620627139002B2FBE /* TestKeyChainController.m */,
				1049582920627187002B2FBE /* User.h */,
				1049582820627187002B2FBE /* User.m */,
				10A5AA942060B7430044FCA2 /* Main.storyboard */,
				10A5AA972060B7430044FCA2 /* Assets.xcassets */,
				10A5AA992060B7430044FCA2 /* LaunchScreen.storyboard */,
				10A5AA9C2060B7430044FCA2 /* Info.plist */,
				10A5AA9D2060B7430044FCA2 /* main.m */,
			);
			path = FlipboardAnimated;
			sourceTree = "<group>";
		};
		10A5AAA62060B7430044FCA2 /* FlipboardAnimatedTests */ = {
			isa = PBXGroup;
			children = (
				10A5AAA72060B7430044FCA2 /* FlipboardAnimatedTests.m */,
				10A5AAA92060B7430044FCA2 /* Info.plist */,
			);
			path = FlipboardAnimatedTests;
			sourceTree = "<group>";
		};
		10A5AAB12060B7430044FCA2 /* FlipboardAnimatedUITests */ = {
			isa = PBXGroup;
			children = (
				10A5AAB22060B7430044FCA2 /* FlipboardAnimatedUITests.m */,
				10A5AAB42060B7430044FCA2 /* Info.plist */,
			);
			path = FlipboardAnimatedUITests;
			sourceTree = "<group>";
		};
		33D76065D4E45AAA1E2BC34E /* Pods */ = {
			isa = PBXGroup;
			children = (
				2231F8F6998406B3C1476525 /* Pods-FlipboardAnimated.debug.xcconfig */,
				ED35D891E9400980598088B2 /* Pods-FlipboardAnimated.release.xcconfig */,
				20ACE557919A845954419046 /* Pods-FlipboardAnimatedTests.debug.xcconfig */,
				7DE6A59802A1112672EC1F58 /* Pods-FlipboardAnimatedTests.release.xcconfig */,
				2449FB394C1C1ED585CE4700 /* Pods-FlipboardAnimatedUITests.debug.xcconfig */,
				8B64F2056CC2967E521B5B0B /* Pods-FlipboardAnimatedUITests.release.xcconfig */,
			);
			name = Pods;
			sourceTree = "<group>";
		};
		7048A8E1452C00AB9D8B1B46 /* Frameworks */ = {
			isa = PBXGroup;
			children = (
				10A5AAC62060BC0E0044FCA2 /* CoreGraphics.framework */,
				10A5AAC42060BBFE0044FCA2 /* MobileCoreServices.framework */,
				10A5AAC22060BBED0044FCA2 /* ImageIO.framework */,
				10A5AAC02060BBDC0044FCA2 /* QuartzCore.framework */,
				1285A5130809F26CFD1BA39D /* Pods_FlipboardAnimated.framework */,
				89F414D9132D808C0AC0EF44 /* Pods_FlipboardAnimatedTests.framework */,
				CD7ADA86E70FC07C01C1799E /* Pods_FlipboardAnimatedUITests.framework */,
			);
			name = Frameworks;
			sourceTree = "<group>";
		};
/* End PBXGroup section */

/* Begin PBXNativeTarget section */
		10A5AA8A2060B7430044FCA2 /* FlipboardAnimated */ = {
			isa = PBXNativeTarget;
			buildConfigurationList = 10A5AAB72060B7430044FCA2 /* Build configuration list for PBXNativeTarget "FlipboardAnimated" */;
			buildPhases = (
				5D27B5575EC62E9F08187CFD /* [CP] Check Pods Manifest.lock */,
				10A5AA872060B7430044FCA2 /* Sources */,
				10A5AA882060B7430044FCA2 /* Frameworks */,
				10A5AA892060B7430044FCA2 /* Resources */,
				2AC83B644A23739084C1911F /* [CP] Embed Pods Frameworks */,
				EB7F8168E75C10E241D09243 /* [CP] Copy Pods Resources */,
			);
			buildRules = (
			);
			dependencies = (
			);
			name = FlipboardAnimated;
			productName = FlipboardAnimated;
			productReference = 10A5AA8B2060B7430044FCA2 /* FlipboardAnimated.app */;
			productType = "com.apple.product-type.application";
		};
		10A5AAA22060B7430044FCA2 /* FlipboardAnimatedTests */ = {
			isa = PBXNativeTarget;
			buildConfigurationList = 10A5AABA2060B7430044FCA2 /* Build configuration list for PBXNativeTarget "FlipboardAnimatedTests" */;
			buildPhases = (
				8AB6B867D727A8C04D8FB37A /* [CP] Check Pods Manifest.lock */,
				10A5AA9F2060B7430044FCA2 /* Sources */,
				10A5AAA02060B7430044FCA2 /* Frameworks */,
				10A5AAA12060B7430044FCA2 /* Resources */,
				00B4583C3871027958A1555B /* [CP] Embed Pods Frameworks */,
				7599B9041388EC705028556E /* [CP] Copy Pods Resources */,
			);
			buildRules = (
			);
			dependencies = (
				10A5AAA52060B7430044FCA2 /* PBXTargetDependency */,
			);
			name = FlipboardAnimatedTests;
			productName = FlipboardAnimatedTests;
			productReference = 10A5AAA32060B7430044FCA2 /* FlipboardAnimatedTests.xctest */;
			productType = "com.apple.product-type.bundle.unit-test";
		};
		10A5AAAD2060B7430044FCA2 /* FlipboardAnimatedUITests */ = {
			isa = PBXNativeTarget;
			buildConfigurationList = 10A5AABD2060B7430044FCA2 /* Build configuration list for PBXNativeTarget "FlipboardAnimatedUITests" */;
			buildPhases = (
				AFBFF1E0BBCE5EAC01405E00 /* [CP] Check Pods Manifest.lock */,
				10A5AAAA2060B7430044FCA2 /* Sources */,
				10A5AAAB2060B7430044FCA2 /* Frameworks */,
				10A5AAAC2060B7430044FCA2 /* Resources */,
				CC0A61EF1F5AA6FD1D5984DA /* [CP] Embed Pods Frameworks */,
				D2604C5640EAFDEC27950981 /* [CP] Copy Pods Resources */,
			);
			buildRules = (
			);
			dependencies = (
				10A5AAB02060B7430044FCA2 /* PBXTargetDependency */,
			);
			name = FlipboardAnimatedUITests;
			productName = FlipboardAnimatedUITests;
			productReference = 10A5AAAE2060B7430044FCA2 /* FlipboardAnimatedUITests.xctest */;
			productType = "com.apple.product-type.bundle.ui-testing";
		};
/* End PBXNativeTarget section */

/* Begin PBXProject section */
		10A5AA832060B7430044FCA2 /* Project object */ = {
			isa = PBXProject;
			attributes = {
				LastUpgradeCheck = 0920;
				ORGANIZATIONNAME = "贺超";
				TargetAttributes = {
					10A5AA8A2060B7430044FCA2 = {
						CreatedOnToolsVersion = 9.2;
						ProvisioningStyle = Automatic;
					};
					10A5AAA22060B7430044FCA2 = {
						CreatedOnToolsVersion = 9.2;
						ProvisioningStyle = Automatic;
						TestTargetID = 10A5AA8A2060B7430044FCA2;
					};
					10A5AAAD2060B7430044FCA2 = {
						CreatedOnToolsVersion = 9.2;
						ProvisioningStyle = Automatic;
						TestTargetID = 10A5AA8A2060B7430044FCA2;
					};
				};
			};
			buildConfigurationList = 10A5AA862060B7430044FCA2 /* Build configuration list for PBXProject "FlipboardAnimated" */;
			compatibilityVersion = "Xcode 8.0";
			developmentRegion = en;
			hasScannedForEncodings = 0;
			knownRegions = (
				en,
				Base,
			);
			mainGroup = 10A5AA822060B7430044FCA2;
			productRefGroup = 10A5AA8C2060B7430044FCA2 /* Products */;
			projectDirPath = "";
			projectRoot = "";
			targets = (
				10A5AA8A2060B7430044FCA2 /* FlipboardAnimated */,
				10A5AAA22060B7430044FCA2 /* FlipboardAnimatedTests */,
				10A5AAAD2060B7430044FCA2 /* FlipboardAnimatedUITests */,
			);
		};
/* End PBXProject section */

/* Begin PBXResourcesBuildPhase section */
		10A5AA892060B7430044FCA2 /* Resources */ = {
			isa = PBXResourcesBuildPhase;
			buildActionMask = 2147483647;
			files = (
				10A5AA9B2060B7430044FCA2 /* LaunchScreen.storyboard in Resources */,
				10A5AA982060B7430044FCA2 /* Assets.xcassets in Resources */,
				10A5AA962060B7430044FCA2 /* Main.storyboard in Resources */,
			);
			runOnlyForDeploymentPostprocessing = 0;
		};
		10A5AAA12060B7430044FCA2 /* Resources */ = {
			isa = PBXResourcesBuildPhase;
			buildActionMask = 2147483647;
			files = (
			);
			runOnlyForDeploymentPostprocessing = 0;
		};
		10A5AAAC2060B7430044FCA2 /* Resources */ = {
			isa = PBXResourcesBuildPhase;
			buildActionMask = 2147483647;
			files = (
			);
			runOnlyForDeploymentPostprocessing = 0;
		};
/* End PBXResourcesBuildPhase section */

/* Begin PBXShellScriptBuildPhase section */
		00B4583C3871027958A1555B /* [CP] Embed Pods Frameworks */ = {
			isa = PBXShellScriptBuildPhase;
			buildActionMask = 2147483647;
			files = (
			);
			inputPaths = (
			);
			name = "[CP] Embed Pods Frameworks";
			outputPaths = (
			);
			runOnlyForDeploymentPostprocessing = 0;
			shellPath = /bin/sh;
			shellScript = "\"${SRCROOT}/Pods/Target Support Files/Pods-FlipboardAnimatedTests/Pods-FlipboardAnimatedTests-frameworks.sh\"\n";
			showEnvVarsInLog = 0;
		};
		2AC83B644A23739084C1911F /* [CP] Embed Pods Frameworks */ = {
			isa = PBXShellScriptBuildPhase;
			buildActionMask = 2147483647;
			files = (
			);
			inputPaths = (
				"${SRCROOT}/Pods/Target Support Files/Pods-FlipboardAnimated/Pods-FlipboardAnimated-frameworks.sh",
				"${BUILT_PRODUCTS_DIR}/AFNetworking/AFNetworking.framework",
				"${BUILT_PRODUCTS_DIR}/FLAnimatedImage/FLAnimatedImage.framework",
				"${BUILT_PRODUCTS_DIR}/MJExtension/MJExtension.framework",
				"${BUILT_PRODUCTS_DIR}/MJRefresh/MJRefresh.framework",
				"${BUILT_PRODUCTS_DIR}/Masonry/Masonry.framework",
				"${BUILT_PRODUCTS_DIR}/SAMKeychain/SAMKeychain.framework",
			);
			name = "[CP] Embed Pods Frameworks";
			outputPaths = (
				"${TARGET_BUILD_DIR}/${FRAMEWORKS_FOLDER_PATH}/AFNetworking.framework",
				"${TARGET_BUILD_DIR}/${FRAMEWORKS_FOLDER_PATH}/FLAnimatedImage.framework",
				"${TARGET_BUILD_DIR}/${FRAMEWORKS_FOLDER_PATH}/MJExtension.framework",
				"${TARGET_BUILD_DIR}/${FRAMEWORKS_FOLDER_PATH}/MJRefresh.framework",
				"${TARGET_BUILD_DIR}/${FRAMEWORKS_FOLDER_PATH}/Masonry.framework",
				"${TARGET_BUILD_DIR}/${FRAMEWORKS_FOLDER_PATH}/SAMKeychain.framework",
			);
			runOnlyForDeploymentPostprocessing = 0;
			shellPath = /bin/sh;
			shellScript = "\"${SRCROOT}/Pods/Target Support Files/Pods-FlipboardAnimated/Pods-FlipboardAnimated-frameworks.sh\"\n";
			showEnvVarsInLog = 0;
		};
		5D27B5575EC62E9F08187CFD /* [CP] Check Pods Manifest.lock */ = {
			isa = PBXShellScriptBuildPhase;
			buildActionMask = 2147483647;
			files = (
			);
			inputPaths = (
				"${PODS_PODFILE_DIR_PATH}/Podfile.lock",
				"${PODS_ROOT}/Manifest.lock",
			);
			name = "[CP] Check Pods Manifest.lock";
			outputPaths = (
				"$(DERIVED_FILE_DIR)/Pods-FlipboardAnimated-checkManifestLockResult.txt",
			);
			runOnlyForDeploymentPostprocessing = 0;
			shellPath = /bin/sh;
			shellScript = "diff \"${PODS_PODFILE_DIR_PATH}/Podfile.lock\" \"${PODS_ROOT}/Manifest.lock\" > /dev/null\nif [ $? != 0 ] ; then\n    # print error to STDERR\n    echo \"error: The sandbox is not in sync with the Podfile.lock. Run 'pod install' or update your CocoaPods installation.\" >&2\n    exit 1\nfi\n# This output is used by Xcode 'outputs' to avoid re-running this script phase.\necho \"SUCCESS\" > \"${SCRIPT_OUTPUT_FILE_0}\"\n";
			showEnvVarsInLog = 0;
		};
		7599B9041388EC705028556E /* [CP] Copy Pods Resources */ = {
			isa = PBXShellScriptBuildPhase;
			buildActionMask = 2147483647;
			files = (
			);
			inputPaths = (
			);
			name = "[CP] Copy Pods Resources";
			outputPaths = (
			);
			runOnlyForDeploymentPostprocessing = 0;
			shellPath = /bin/sh;
			shellScript = "\"${SRCROOT}/Pods/Target Support Files/Pods-FlipboardAnimatedTests/Pods-FlipboardAnimatedTests-resources.sh\"\n";
			showEnvVarsInLog = 0;
		};
		8AB6B867D727A8C04D8FB37A /* [CP] Check Pods Manifest.lock */ = {
			isa = PBXShellScriptBuildPhase;
			buildActionMask = 2147483647;
			files = (
			);
			inputPaths = (
				"${PODS_PODFILE_DIR_PATH}/Podfile.lock",
				"${PODS_ROOT}/Manifest.lock",
			);
			name = "[CP] Check Pods Manifest.lock";
			outputPaths = (
				"$(DERIVED_FILE_DIR)/Pods-FlipboardAnimatedTests-checkManifestLockResult.txt",
			);
			runOnlyForDeploymentPostprocessing = 0;
			shellPath = /bin/sh;
			shellScript = "diff \"${PODS_PODFILE_DIR_PATH}/Podfile.lock\" \"${PODS_ROOT}/Manifest.lock\" > /dev/null\nif [ $? != 0 ] ; then\n    # print error to STDERR\n    echo \"error: The sandbox is not in sync with the Podfile.lock. Run 'pod install' or update your CocoaPods installation.\" >&2\n    exit 1\nfi\n# This output is used by Xcode 'outputs' to avoid re-running this script phase.\necho \"SUCCESS\" > \"${SCRIPT_OUTPUT_FILE_0}\"\n";
			showEnvVarsInLog = 0;
		};
		AFBFF1E0BBCE5EAC01405E00 /* [CP] Check Pods Manifest.lock */ = {
			isa = PBXShellScriptBuildPhase;
			buildActionMask = 2147483647;
			files = (
			);
			inputPaths = (
				"${PODS_PODFILE_DIR_PATH}/Podfile.lock",
				"${PODS_ROOT}/Manifest.lock",
			);
			name = "[CP] Check Pods Manifest.lock";
			outputPaths = (
				"$(DERIVED_FILE_DIR)/Pods-FlipboardAnimatedUITests-checkManifestLockResult.txt",
			);
			runOnlyForDeploymentPostprocessing = 0;
			shellPath = /bin/sh;
			shellScript = "diff \"${PODS_PODFILE_DIR_PATH}/Podfile.lock\" \"${PODS_ROOT}/Manifest.lock\" > /dev/null\nif [ $? != 0 ] ; then\n    # print error to STDERR\n    echo \"error: The sandbox is not in sync with the Podfile.lock. Run 'pod install' or update your CocoaPods installation.\" >&2\n    exit 1\nfi\n# This output is used by Xcode 'outputs' to avoid re-running this script phase.\necho \"SUCCESS\" > \"${SCRIPT_OUTPUT_FILE_0}\"\n";
			showEnvVarsInLog = 0;
		};
		CC0A61EF1F5AA6FD1D5984DA /* [CP] Embed Pods Frameworks */ = {
			isa = PBXShellScriptBuildPhase;
			buildActionMask = 2147483647;
			files = (
			);
			inputPaths = (
			);
			name = "[CP] Embed Pods Frameworks";
			outputPaths = (
			);
			runOnlyForDeploymentPostprocessing = 0;
			shellPath = /bin/sh;
			shellScript = "\"${SRCROOT}/Pods/Target Support Files/Pods-FlipboardAnimatedUITests/Pods-FlipboardAnimatedUITests-frameworks.sh\"\n";
			showEnvVarsInLog = 0;
		};
		D2604C5640EAFDEC27950981 /* [CP] Copy Pods Resources */ = {
			isa = PBXShellScriptBuildPhase;
			buildActionMask = 2147483647;
			files = (
			);
			inputPaths = (
			);
			name = "[CP] Copy Pods Resources";
			outputPaths = (
			);
			runOnlyForDeploymentPostprocessing = 0;
			shellPath = /bin/sh;
			shellScript = "\"${SRCROOT}/Pods/Target Support Files/Pods-FlipboardAnimatedUITests/Pods-FlipboardAnimatedUITests-resources.sh\"\n";
			showEnvVarsInLog = 0;
		};
		EB7F8168E75C10E241D09243 /* [CP] Copy Pods Resources */ = {
			isa = PBXShellScriptBuildPhase;
			buildActionMask = 2147483647;
			files = (
			);
			inputPaths = (
			);
			name = "[CP] Copy Pods Resources";
			outputPaths = (
			);
			runOnlyForDeploymentPostprocessing = 0;
			shellPath = /bin/sh;
			shellScript = "\"${SRCROOT}/Pods/Target Support Files/Pods-FlipboardAnimated/Pods-FlipboardAnimated-resources.sh\"\n";
			showEnvVarsInLog = 0;
		};
/* End PBXShellScriptBuildPhase section */

/* Begin PBXSourcesBuildPhase section */
		10A5AA872060B7430044FCA2 /* Sources */ = {
			isa = PBXSourcesBuildPhase;
			buildActionMask = 2147483647;
			files = (
				1049582A20627187002B2FBE /* User.m in Sources */,
				10A5AA932060B7430044FCA2 /* ViewController.m in Sources */,
				10A5AA9E2060B7430044FCA2 /* main.m in Sources */,
				10A5AA902060B7430044FCA2 /* AppDelegate.m in Sources */,
				1049582720627139002B2FBE /* TestKeyChainController.m in Sources */,
			);
			runOnlyForDeploymentPostprocessing = 0;
		};
		10A5AA9F2060B7430044FCA2 /* Sources */ = {
			isa = PBXSourcesBuildPhase;
			buildActionMask = 2147483647;
			files = (
				10A5AAA82060B7430044FCA2 /* FlipboardAnimatedTests.m in Sources */,
			);
			runOnlyForDeploymentPostprocessing = 0;
		};
		10A5AAAA2060B7430044FCA2 /* Sources */ = {
			isa = PBXSourcesBuildPhase;
			buildActionMask = 2147483647;
			files = (
				10A5AAB32060B7430044FCA2 /* FlipboardAnimatedUITests.m in Sources */,
			);
			runOnlyForDeploymentPostprocessing = 0;
		};
/* End PBXSourcesBuildPhase section */

/* Begin PBXTargetDependency section */
		10A5AAA52060B7430044FCA2 /* PBXTargetDependency */ = {
			isa = PBXTargetDependency;
			target = 10A5AA8A2060B7430044FCA2 /* FlipboardAnimated */;
			targetProxy = 10A5AAA42060B7430044FCA2 /* PBXContainerItemProxy */;
		};
		10A5AAB02060B7430044FCA2 /* PBXTargetDependency */ = {
			isa = PBXTargetDependency;
			target = 10A5AA8A2060B7430044FCA2 /* FlipboardAnimated */;
			targetProxy = 10A5AAAF2060B7430044FCA2 /* PBXContainerItemProxy */;
		};
/* End PBXTargetDependency section */

/* Begin PBXVariantGroup section */
		10A5AA942060B7430044FCA2 /* Main.storyboard */ = {
			isa = PBXVariantGroup;
			children = (
				10A5AA952060B7430044FCA2 /* Base */,
			);
			name = Main.storyboard;
			sourceTree = "<group>";
		};
		10A5AA992060B7430044FCA2 /* LaunchScreen.storyboard */ = {
			isa = PBXVariantGroup;
			children = (
				10A5AA9A2060B7430044FCA2 /* Base */,
			);
			name = LaunchScreen.storyboard;
			sourceTree = "<group>";
		};
/* End PBXVariantGroup section */

/* Begin XCBuildConfiguration section */
		10A5AAB52060B7430044FCA2 /* Debug */ = {
			isa = XCBuildConfiguration;
			buildSettings = {
				ALWAYS_SEARCH_USER_PATHS = NO;
				CLANG_ANALYZER_NONNULL = YES;
				CLANG_ANALYZER_NUMBER_OBJECT_CONVERSION = YES_AGGRESSIVE;
				CLANG_CXX_LANGUAGE_STANDARD = "gnu++14";
				CLANG_CXX_LIBRARY = "libc++";
				CLANG_ENABLE_MODULES = YES;
				CLANG_ENABLE_OBJC_ARC = YES;
				CLANG_WARN_BLOCK_CAPTURE_AUTORELEASING = YES;
				CLANG_WARN_BOOL_CONVERSION = YES;
				CLANG_WARN_COMMA = YES;
				CLANG_WARN_CONSTANT_CONVERSION = YES;
				CLANG_WARN_DIRECT_OBJC_ISA_USAGE = YES_ERROR;
				CLANG_WARN_DOCUMENTATION_COMMENTS = YES;
				CLANG_WARN_EMPTY_BODY = YES;
				CLANG_WARN_ENUM_CONVERSION = YES;
				CLANG_WARN_INFINITE_RECURSION = YES;
				CLANG_WARN_INT_CONVERSION = YES;
				CLANG_WARN_NON_LITERAL_NULL_CONVERSION = YES;
				CLANG_WARN_OBJC_LITERAL_CONVERSION = YES;
				CLANG_WARN_OBJC_ROOT_CLASS = YES_ERROR;
				CLANG_WARN_RANGE_LOOP_ANALYSIS = YES;
				CLANG_WARN_STRICT_PROTOTYPES = YES;
				CLANG_WARN_SUSPICIOUS_MOVE = YES;
				CLANG_WARN_UNGUARDED_AVAILABILITY = YES_AGGRESSIVE;
				CLANG_WARN_UNREACHABLE_CODE = YES;
				CLANG_WARN__DUPLICATE_METHOD_MATCH = YES;
				CODE_SIGN_IDENTITY = "iPhone Developer";
				COPY_PHASE_STRIP = NO;
				DEBUG_INFORMATION_FORMAT = dwarf;
				ENABLE_STRICT_OBJC_MSGSEND = YES;
				ENABLE_TESTABILITY = YES;
				GCC_C_LANGUAGE_STANDARD = gnu11;
				GCC_DYNAMIC_NO_PIC = NO;
				GCC_NO_COMMON_BLOCKS = YES;
				GCC_OPTIMIZATION_LEVEL = 0;
				GCC_PREPROCESSOR_DEFINITIONS = (
					"DEBUG=1",
					"$(inherited)",
				);
				GCC_WARN_64_TO_32_BIT_CONVERSION = YES;
				GCC_WARN_ABOUT_RETURN_TYPE = YES_ERROR;
				GCC_WARN_UNDECLARED_SELECTOR = YES;
				GCC_WARN_UNINITIALIZED_AUTOS = YES_AGGRESSIVE;
				GCC_WARN_UNUSED_FUNCTION = YES;
				GCC_WARN_UNUSED_VARIABLE = YES;
				IPHONEOS_DEPLOYMENT_TARGET = 11.2;
				MTL_ENABLE_DEBUG_INFO = YES;
				ONLY_ACTIVE_ARCH = YES;
				SDKROOT = iphoneos;
			};
			name = Debug;
		};
		10A5AAB62060B7430044FCA2 /* Release */ = {
			isa = XCBuildConfiguration;
			buildSettings = {
				ALWAYS_SEARCH_USER_PATHS = NO;
				CLANG_ANALYZER_NONNULL = YES;
				CLANG_ANALYZER_NUMBER_OBJECT_CONVERSION = YES_AGGRESSIVE;
				CLANG_CXX_LANGUAGE_STANDARD = "gnu++14";
				CLANG_CXX_LIBRARY = "libc++";
				CLANG_ENABLE_MODULES = YES;
				CLANG_ENABLE_OBJC_ARC = YES;
				CLANG_WARN_BLOCK_CAPTURE_AUTORELEASING = YES;
				CLANG_WARN_BOOL_CONVERSION = YES;
				CLANG_WARN_COMMA = YES;
				CLANG_WARN_CONSTANT_CONVERSION = YES;
				CLANG_WARN_DIRECT_OBJC_ISA_USAGE = YES_ERROR;
				CLANG_WARN_DOCUMENTATION_COMMENTS = YES;
				CLANG_WARN_EMPTY_BODY = YES;
				CLANG_WARN_ENUM_CONVERSION = YES;
				CLANG_WARN_INFINITE_RECURSION = YES;
				CLANG_WARN_INT_CONVERSION = YES;
				CLANG_WARN_NON_LITERAL_NULL_CONVERSION = YES;
				CLANG_WARN_OBJC_LITERAL_CONVERSION = YES;
				CLANG_WARN_OBJC_ROOT_CLASS = YES_ERROR;
				CLANG_WARN_RANGE_LOOP_ANALYSIS = YES;
				CLANG_WARN_STRICT_PROTOTYPES = YES;
				CLANG_WARN_SUSPICIOUS_MOVE = YES;
				CLANG_WARN_UNGUARDED_AVAILABILITY = YES_AGGRESSIVE;
				CLANG_WARN_UNREACHABLE_CODE = YES;
				CLANG_WARN__DUPLICATE_METHOD_MATCH = YES;
				CODE_SIGN_IDENTITY = "iPhone Developer";
				COPY_PHASE_STRIP = NO;
				DEBUG_INFORMATION_FORMAT = "dwarf-with-dsym";
				ENABLE_NS_ASSERTIONS = NO;
				ENABLE_STRICT_OBJC_MSGSEND = YES;
				GCC_C_LANGUAGE_STANDARD = gnu11;
				GCC_NO_COMMON_BLOCKS = YES;
				GCC_WARN_64_TO_32_BIT_CONVERSION = YES;
				GCC_WARN_ABOUT_RETURN_TYPE = YES_ERROR;
				GCC_WARN_UNDECLARED_SELECTOR = YES;
				GCC_WARN_UNINITIALIZED_AUTOS = YES_AGGRESSIVE;
				GCC_WARN_UNUSED_FUNCTION = YES;
				GCC_WARN_UNUSED_VARIABLE = YES;
				IPHONEOS_DEPLOYMENT_TARGET = 11.2;
				MTL_ENABLE_DEBUG_INFO = NO;
				SDKROOT = iphoneos;
				VALIDATE_PRODUCT = YES;
			};
			name = Release;
		};
		10A5AAB82060B7430044FCA2 /* Debug */ = {
			isa = XCBuildConfiguration;
			baseConfigurationReference = 2231F8F6998406B3C1476525 /* Pods-FlipboardAnimated.debug.xcconfig */;
			buildSettings = {
				ASSETCATALOG_COMPILER_APPICON_NAME = AppIcon;
				CODE_SIGN_STYLE = Automatic;
				INFOPLIST_FILE = FlipboardAnimated/Info.plist;
				LD_RUNPATH_SEARCH_PATHS = "$(inherited) @executable_path/Frameworks";
				PRODUCT_BUNDLE_IDENTIFIER = abc.FlipboardAnimated;
				PRODUCT_NAME = "$(TARGET_NAME)";
				TARGETED_DEVICE_FAMILY = "1,2";
			};
			name = Debug;
		};
		10A5AAB92060B7430044FCA2 /* Release */ = {
			isa = XCBuildConfiguration;
			baseConfigurationReference = ED35D891E9400980598088B2 /* Pods-FlipboardAnimated.release.xcconfig */;
			buildSettings = {
				ASSETCATALOG_COMPILER_APPICON_NAME = AppIcon;
				CODE_SIGN_STYLE = Automatic;
				INFOPLIST_FILE = FlipboardAnimated/Info.plist;
				LD_RUNPATH_SEARCH_PATHS = "$(inherited) @executable_path/Frameworks";
				PRODUCT_BUNDLE_IDENTIFIER = abc.FlipboardAnimated;
				PRODUCT_NAME = "$(TARGET_NAME)";
				TARGETED_DEVICE_FAMILY = "1,2";
			};
			name = Release;
		};
		10A5AABB2060B7430044FCA2 /* Debug */ = {
			isa = XCBuildConfiguration;
			baseConfigurationReference = 20ACE557919A845954419046 /* Pods-FlipboardAnimatedTests.debug.xcconfig */;
			buildSettings = {
				BUNDLE_LOADER = "$(TEST_HOST)";
				CODE_SIGN_STYLE = Automatic;
				INFOPLIST_FILE = FlipboardAnimatedTests/Info.plist;
				LD_RUNPATH_SEARCH_PATHS = "$(inherited) @executable_path/Frameworks @loader_path/Frameworks";
				PRODUCT_BUNDLE_IDENTIFIER = abc.FlipboardAnimatedTests;
				PRODUCT_NAME = "$(TARGET_NAME)";
				TARGETED_DEVICE_FAMILY = "1,2";
				TEST_HOST = "$(BUILT_PRODUCTS_DIR)/FlipboardAnimated.app/FlipboardAnimated";
			};
			name = Debug;
		};
		10A5AABC2060B7430044FCA2 /* Release */ = {
			isa = XCBuildConfiguration;
			baseConfigurationReference = 7DE6A59802A1112672EC1F58 /* Pods-FlipboardAnimatedTests.release.xcconfig */;
			buildSettings = {
				BUNDLE_LOADER = "$(TEST_HOST)";
				CODE_SIGN_STYLE = Automatic;
				INFOPLIST_FILE = FlipboardAnimatedTests/Info.plist;
				LD_RUNPATH_SEARCH_PATHS = "$(inherited) @executable_path/Frameworks @loader_path/Frameworks";
				PRODUCT_BUNDLE_IDENTIFIER = abc.FlipboardAnimatedTests;
				PRODUCT_NAME = "$(TARGET_NAME)";
				TARGETED_DEVICE_FAMILY = "1,2";
				TEST_HOST = "$(BUILT_PRODUCTS_DIR)/FlipboardAnimated.app/FlipboardAnimated";
			};
			name = Release;
		};
		10A5AABE2060B7430044FCA2 /* Debug */ = {
			isa = XCBuildConfiguration;
			baseConfigurationReference = 2449FB394C1C1ED585CE4700 /* Pods-FlipboardAnimatedUITests.debug.xcconfig */;
			buildSettings = {
				CODE_SIGN_STYLE = Automatic;
				INFOPLIST_FILE = FlipboardAnimatedUITests/Info.plist;
				LD_RUNPATH_SEARCH_PATHS = "$(inherited) @executable_path/Frameworks @loader_path/Frameworks";
				PRODUCT_BUNDLE_IDENTIFIER = abc.FlipboardAnimatedUITests;
				PRODUCT_NAME = "$(TARGET_NAME)";
				TARGETED_DEVICE_FAMILY = "1,2";
				TEST_TARGET_NAME = FlipboardAnimated;
			};
			name = Debug;
		};
		10A5AABF2060B7430044FCA2 /* Release */ = {
			isa = XCBuildConfiguration;
			baseConfigurationReference = 8B64F2056CC2967E521B5B0B /* Pods-FlipboardAnimatedUITests.release.xcconfig */;
			buildSettings = {
				CODE_SIGN_STYLE = Automatic;
				INFOPLIST_FILE = FlipboardAnimatedUITests/Info.plist;
				LD_RUNPATH_SEARCH_PATHS = "$(inherited) @executable_path/Frameworks @loader_path/Frameworks";
				PRODUCT_BUNDLE_IDENTIFIER = abc.FlipboardAnimatedUITests;
				PRODUCT_NAME = "$(TARGET_NAME)";
				TARGETED_DEVICE_FAMILY = "1,2";
				TEST_TARGET_NAME = FlipboardAnimated;
			};
			name = Release;
		};
/* End XCBuildConfiguration section */

/* Begin XCConfigurationList section */
		10A5AA862060B7430044FCA2 /* Build configuration list for PBXProject "FlipboardAnimated" */ = {
			isa = XCConfigurationList;
			buildConfigurations = (
				10A5AAB52060B7430044FCA2 /* Debug */,
				10A5AAB62060B7430044FCA2 /* Release */,
			);
			defaultConfigurationIsVisible = 0;
			defaultConfigurationName = Release;
		};
		10A5AAB72060B7430044FCA2 /* Build configuration list for PBXNativeTarget "FlipboardAnimated" */ = {
			isa = XCConfigurationList;
			buildConfigurations = (
				10A5AAB82060B7430044FCA2 /* Debug */,
				10A5AAB92060B7430044FCA2 /* Release */,
			);
			defaultConfigurationIsVisible = 0;
			defaultConfigurationName = Release;
		};
		10A5AABA2060B7430044FCA2 /* Build configuration list for PBXNativeTarget "FlipboardAnimatedTests" */ = {
			isa = XCConfigurationList;
			buildConfigurations = (
				10A5AABB2060B7430044FCA2 /* Debug */,
				10A5AABC2060B7430044FCA2 /* Release */,
			);
			defaultConfigurationIsVisible = 0;
			defaultConfigurationName = Release;
		};
		10A5AABD2060B7430044FCA2 /* Build configuration list for PBXNativeTarget "FlipboardAnimatedUITests" */ = {
			isa = XCConfigurationList;
			buildConfigurations = (
				10A5AABE2060B7430044FCA2 /* Debug */,
				10A5AABF2060B7430044FCA2 /* Release */,
			);
			defaultConfigurationIsVisible = 0;
			defaultConfigurationName = Release;
		};
/* End XCConfigurationList section */
	};
	rootObject = 10A5AA832060B7430044FCA2 /* Project object */;
}
